
Microsoft Visual Studio Solution File, Format Version 12.00
# Visual Studio Version 17
VisualStudioVersion = 17.2.32602.215
MinimumVisualStudioVersion = 10.0.40219.1
Project("{FAE04EC0-301F-11D3-BF4B-00C04F79EFBC}") = "School", "School\School.csproj", "{CD327C3D-A3DE-49A6-A721-0DF67B8F2115}"
EndProject
Global
	GlobalSection(SolutionConfigurationPlatforms) = preSolution
		Debug|Any CPU = Debug|Any CPU
		Release|Any CPU = Release|Any CPU
	EndGlobalSection
	GlobalSection(ProjectConfigurationPlatforms) = postSolution
		{CD327C3D-A3DE-49A6-A721-0DF67B8F2115}.Debug|Any CPU.ActiveCfg = Debug|Any CPU
		{CD327C3D-A3DE-49A6-A721-0DF67B8F2115}.Debug|Any CPU.Build.0 = Debug|Any CPU
		{CD327C3D-A3DE-49A6-A721-0DF67B8F2115}.Release|Any CPU.ActiveCfg = Release|Any CPU
		{CD327C3D-A3DE-49A6-A721-0DF67B8F2115}.Release|Any CPU.Build.0 = Release|Any CPU
	EndGlobalSection
	GlobalSection(SolutionProperties) = preSolution
		HideSolutionNode = FALSE
	EndGlobalSection
	GlobalSection(ExtensibilityGlobals) = postSolution
		SolutionGuid = {3E80BC51-BB57-463F-AD0B-D3A005B4DC9A}
	EndGlobalSection
EndGlobal
